
Microsoft Visual Studio Solution File, Format Version 12.00
# Visual Studio Version 17
VisualStudioVersion = 17.3.32929.385
MinimumVisualStudioVersion = 10.0.40219.1
Project("{FAE04EC0-301F-11D3-BF4B-00C04F79EFBC}") = "DiviseurDUnNombre", "DiviseurDUnNombre.csproj", "{1C336B5F-3949-4B3E-91A7-BAF965DCC417}"
EndProject
Global
	GlobalSection(SolutionConfigurationPlatforms) = preSolution
		Debug|Any CPU = Debug|Any CPU
		Release|Any CPU = Release|Any CPU
	EndGlobalSection
	GlobalSection(ProjectConfigurationPlatforms) = postSolution
		{1C336B5F-3949-4B3E-91A7-BAF965DCC417}.Debug|Any CPU.ActiveCfg = Debug|Any CPU
		{1C336B5F-3949-4B3E-91A7-BAF965DCC417}.Debug|Any CPU.Build.0 = Debug|Any CPU
		{1C336B5F-3949-4B3E-91A7-BAF965DCC417}.Release|Any CPU.ActiveCfg = Release|Any CPU
		{1C336B5F-3949-4B3E-91A7-BAF965DCC417}.Release|Any CPU.Build.0 = Release|Any CPU
	EndGlobalSection
	GlobalSection(SolutionProperties) = preSolution
		HideSolutionNode = FALSE
	EndGlobalSection
	GlobalSection(ExtensibilityGlobals) = postSolution
		SolutionGuid = {A2CC9E5C-9A6F-42D0-9FF8-32BADFDD7F3D}
	EndGlobalSection
EndGlobal
