
Microsoft Visual Studio Solution File, Format Version 12.00
# Visual Studio Version 17
VisualStudioVersion = 17.3.32929.385
MinimumVisualStudioVersion = 10.0.40219.1
Project("{FAE04EC0-301F-11D3-BF4B-00C04F79EFBC}") = "JeuDeLaFourchette", "JeuDeLaFourchette.csproj", "{7624E598-4EE6-4819-B982-8DFA4C599619}"
EndProject
Global
	GlobalSection(SolutionConfigurationPlatforms) = preSolution
		Debug|Any CPU = Debug|Any CPU
		Release|Any CPU = Release|Any CPU
	EndGlobalSection
	GlobalSection(ProjectConfigurationPlatforms) = postSolution
		{7624E598-4EE6-4819-B982-8DFA4C599619}.Debug|Any CPU.ActiveCfg = Debug|Any CPU
		{7624E598-4EE6-4819-B982-8DFA4C599619}.Debug|Any CPU.Build.0 = Debug|Any CPU
		{7624E598-4EE6-4819-B982-8DFA4C599619}.Release|Any CPU.ActiveCfg = Release|Any CPU
		{7624E598-4EE6-4819-B982-8DFA4C599619}.Release|Any CPU.Build.0 = Release|Any CPU
	EndGlobalSection
	GlobalSection(SolutionProperties) = preSolution
		HideSolutionNode = FALSE
	EndGlobalSection
	GlobalSection(ExtensibilityGlobals) = postSolution
		SolutionGuid = {0EAB44E5-779E-4E68-BD3F-2F50E77BADF8}
	EndGlobalSection
EndGlobal
